Microsoft Visual Studio Solution File, Format Version 11.00
# Visual Studio 2008

Project("{A79308D7-41DC-A311-8BE6-0837425E3475}") = "KWC", "Assembly-CSharp-firstpass.csproj", "{C7478ED7-3393-27B4-7485-2A84F08A568A}"
EndProject
Project("{A79308D7-41DC-A311-8BE6-0837425E3475}") = "KWC", "Assembly-CSharp.csproj", "{0168C3A0-5CBB-7ACC-18CD-29A7E6E69D1E}"
EndProject
Project("{A79308D7-41DC-A311-8BE6-0837425E3475}") = "KWC", "Assembly-CSharp-Editor.csproj", "{6A2244C3-5150-EE56-947F-2D0047D23C0B}"
EndProject
Global
	GlobalSection(SolutionConfigurationPlatforms) = preSolution
		Debug|Any CPU = Debug|Any CPU
		Release|Any CPU = Release|Any CPU
	EndGlobalSection
	GlobalSection(ProjectConfigurationPlatforms) = postSolution
		{C7478ED7-3393-27B4-7485-2A84F08A568A}.Debug|Any CPU.ActiveCfg = Debug|Any CPU
		{C7478ED7-3393-27B4-7485-2A84F08A568A}.Debug|Any CPU.Build.0 = Debug|Any CPU
		{C7478ED7-3393-27B4-7485-2A84F08A568A}.Release|Any CPU.ActiveCfg = Release|Any CPU
		{C7478ED7-3393-27B4-7485-2A84F08A568A}.Release|Any CPU.Build.0 = Release|Any CPU
		{0168C3A0-5CBB-7ACC-18CD-29A7E6E69D1E}.Debug|Any CPU.ActiveCfg = Debug|Any CPU
		{0168C3A0-5CBB-7ACC-18CD-29A7E6E69D1E}.Debug|Any CPU.Build.0 = Debug|Any CPU
		{0168C3A0-5CBB-7ACC-18CD-29A7E6E69D1E}.Release|Any CPU.ActiveCfg = Release|Any CPU
		{0168C3A0-5CBB-7ACC-18CD-29A7E6E69D1E}.Release|Any CPU.Build.0 = Release|Any CPU
		{6A2244C3-5150-EE56-947F-2D0047D23C0B}.Debug|Any CPU.ActiveCfg = Debug|Any CPU
		{6A2244C3-5150-EE56-947F-2D0047D23C0B}.Debug|Any CPU.Build.0 = Debug|Any CPU
		{6A2244C3-5150-EE56-947F-2D0047D23C0B}.Release|Any CPU.ActiveCfg = Release|Any CPU
		{6A2244C3-5150-EE56-947F-2D0047D23C0B}.Release|Any CPU.Build.0 = Release|Any CPU
	EndGlobalSection
	GlobalSection(SolutionProperties) = preSolution
		HideSolutionNode = FALSE
	EndGlobalSection
																																																									GlobalSection(MonoDevelopProperties) = preSolution
		StartupItem = Assembly-CSharp.csproj
		Policies = $0
		$0.TextStylePolicy = $1
		$1.inheritsSet = null
		$1.scope = text/x-csharp
		$0.CSharpFormattingPolicy = $2
		$2.inheritsSet = Mono
		$2.inheritsScope = text/x-csharp
		$2.scope = text/x-csharp
		$0.TextStylePolicy = $3
		$3.FileWidth = 120
		$3.TabWidth = 4
		$3.IndentWidth = 4
		$3.EolMarker = Unix
		$3.inheritsSet = Mono
		$3.inheritsScope = text/plain
		$3.scope = text/plain
	EndGlobalSection

EndGlobal
