Microsoft Visual Studio Solution File, Format Version 11.00
# Visual Studio 2008

Project("{7B089B82-9E2F-9ED7-6384-2902E20A9B8F}") = "Time - Android", "Assembly-CSharp-firstpass.csproj", "{3ED36CCF-CA4D-761A-75E2-688606B1340D}"
EndProject
Project("{7B089B82-9E2F-9ED7-6384-2902E20A9B8F}") = "Time - Android", "Assembly-CSharp.csproj", "{D81BB3DD-034A-0A8E-B334-CD25228C8807}"
EndProject
Project("{7B089B82-9E2F-9ED7-6384-2902E20A9B8F}") = "Time - Android", "Assembly-CSharp-Editor.csproj", "{608A9414-5807-8B4C-1EF4-F82421B7E775}"
EndProject
Global
	GlobalSection(SolutionConfigurationPlatforms) = preSolution
		Debug|Any CPU = Debug|Any CPU
		Release|Any CPU = Release|Any CPU
	EndGlobalSection
	GlobalSection(ProjectConfigurationPlatforms) = postSolution
		{3ED36CCF-CA4D-761A-75E2-688606B1340D}.Debug|Any CPU.ActiveCfg = Debug|Any CPU
		{3ED36CCF-CA4D-761A-75E2-688606B1340D}.Debug|Any CPU.Build.0 = Debug|Any CPU
		{3ED36CCF-CA4D-761A-75E2-688606B1340D}.Release|Any CPU.ActiveCfg = Release|Any CPU
		{3ED36CCF-CA4D-761A-75E2-688606B1340D}.Release|Any CPU.Build.0 = Release|Any CPU
		{D81BB3DD-034A-0A8E-B334-CD25228C8807}.Debug|Any CPU.ActiveCfg = Debug|Any CPU
		{D81BB3DD-034A-0A8E-B334-CD25228C8807}.Debug|Any CPU.Build.0 = Debug|Any CPU
		{D81BB3DD-034A-0A8E-B334-CD25228C8807}.Release|Any CPU.ActiveCfg = Release|Any CPU
		{D81BB3DD-034A-0A8E-B334-CD25228C8807}.Release|Any CPU.Build.0 = Release|Any CPU
		{608A9414-5807-8B4C-1EF4-F82421B7E775}.Debug|Any CPU.ActiveCfg = Debug|Any CPU
		{608A9414-5807-8B4C-1EF4-F82421B7E775}.Debug|Any CPU.Build.0 = Debug|Any CPU
		{608A9414-5807-8B4C-1EF4-F82421B7E775}.Release|Any CPU.ActiveCfg = Release|Any CPU
		{608A9414-5807-8B4C-1EF4-F82421B7E775}.Release|Any CPU.Build.0 = Release|Any CPU
	EndGlobalSection
	GlobalSection(SolutionProperties) = preSolution
		HideSolutionNode = FALSE
	EndGlobalSection
	GlobalSection(MonoDevelopProperties) = preSolution
		StartupItem = Assembly-CSharp.csproj
	EndGlobalSection
EndGlobal
